
Microsoft Visual Studio Solution File, Format Version 12.00
# Visual Studio Version 16
VisualStudioVersion = 16.0.34031.81
MinimumVisualStudioVersion = 10.0.40219.1
Project("{FAE04EC0-301F-11D3-BF4B-00C04F79EFBC}") = "WebsiteDatVeXemPhim21", "WebsiteDatVeXemPhim21\WebsiteDatVeXemPhim21.csproj", "{A08EBB40-71D7-4176-A9DE-EE05F448EC16}"
EndProject
Global
	GlobalSection(SolutionConfigurationPlatforms) = preSolution
		Debug|Any CPU = Debug|Any CPU
		Release|Any CPU = Release|Any CPU
	EndGlobalSection
	GlobalSection(ProjectConfigurationPlatforms) = postSolution
		{A08EBB40-71D7-4176-A9DE-EE05F448EC16}.Debug|Any CPU.ActiveCfg = Debug|Any CPU
		{A08EBB40-71D7-4176-A9DE-EE05F448EC16}.Debug|Any CPU.Build.0 = Debug|Any CPU
		{A08EBB40-71D7-4176-A9DE-EE05F448EC16}.Release|Any CPU.ActiveCfg = Release|Any CPU
		{A08EBB40-71D7-4176-A9DE-EE05F448EC16}.Release|Any CPU.Build.0 = Release|Any CPU
	EndGlobalSection
	GlobalSection(SolutionProperties) = preSolution
		HideSolutionNode = FALSE
	EndGlobalSection
	GlobalSection(ExtensibilityGlobals) = postSolution
		SolutionGuid = {E45D14EF-F572-4532-BA80-29C51B0DBD21}
	EndGlobalSection
EndGlobal
